PATH
  remote: /Users/m/dev/low_event
  specs:
    low_event (0.7.1)
      low_type (~> 1.0)
      observers
      protocol-http
      providers

PATH
  remote: /Users/m/dev/low_loop
  specs:
    low_loop (0.7.2)
      async
      async-http
      io-stream
      low_event
      low_type (~> 1.0)
      paint
      protocol-http
      protocol-url

PATH
  remote: /Users/m/dev/low_type
  specs:
    low_type (1.3.2)
      expressions (~> 0.1)
      lowkey (~> 0.4)

PATH
  remote: /Users/m/dev/observers
  specs:
    observers (0.8.0)

PATH
  remote: /Users/m/dev/raindeer
  specs:
    raindeer (0.9.8)
      antlers
      commonmarker
      expressions
      low_event (~> 0.5)
      low_loop (~> 0.6)
      low_node
      low_state
      low_type (~> 1.0)
      lowload (~> 0.6.2)
      nokogiri
      observers
      ostruct
      paint
      plugs
      providers
      rouge
      ruby-progressbar
      trees

GEM
  remote: https://rubygems.org/
  specs:
    antlers (0.9.0)
      erb
      low_event
      lowkey
      plugs
    async (2.45.1)
      console (~> 1.29)
      fiber-annotation
      io-event (~> 1.21)
    async-container (0.38.0)
      async (~> 2.44)
    async-http (0.102.0)
      async (>= 2.35.1)
      async-pool (~> 0.12)
      io-endpoint (~> 0.18)
      io-stream (~> 0.14)
      protocol-http (~> 0.66)
      protocol-http1 (~> 0.41)
      protocol-http2 (~> 0.27)
      protocol-url (~> 0.2)
    async-http-cache (0.4.6)
      async-http (~> 0.56)
    async-pool (0.12.0)
      async (>= 2.0)
    async-service (0.25.0)
      async
      async-container (~> 0.34)
      string-format (~> 0.2)
    async-utilization (0.5.0)
      console (~> 1.0)
    bake (0.25.0)
      bigdecimal
      samovar (~> 2.1)
    bigdecimal (4.1.2)
    commonmarker (2.10.0-aarch64-linux)
    commonmarker (2.10.0-aarch64-linux-musl)
    commonmarker (2.10.0-arm-linux-gnu)
    commonmarker (2.10.0-arm64-darwin)
    commonmarker (2.10.0-x86_64-darwin)
    commonmarker (2.10.0-x86_64-linux)
    commonmarker (2.10.0-x86_64-linux-musl)
    console (1.37.0)
      fiber-annotation
      fiber-local (~> 1.1)
      json
    erb (6.0.7)
    expressions (0.1.0)
    falcon (0.57.0)
      async
      async-container (~> 0.20)
      async-http (~> 0.97)
      async-http-cache (~> 0.4)
      async-service (~> 0.19)
      async-utilization (~> 0.3)
      bundler
      localhost (~> 1.1)
      openssl (>= 3.0)
      protocol-http (~> 0.31)
      protocol-rack (~> 0.7)
      samovar (~> 2.3)
    fiber-annotation (0.2.0)
    fiber-local (1.1.0)
      fiber-storage
    fiber-storage (1.0.1)
    io-endpoint (0.18.0)
      openssl (>= 3.3.0)
    io-event (1.21.1)
    io-stream (0.14.0)
      openssl (>= 3.3)
    json (2.21.2)
    localhost (1.8.0)
      bake
    low_node (0.5.0)
      antlers
      low_event
      low_loop
      low_type (~> 1.0)
      observers
    low_state (0.2.0)
    lowkey (0.4.3)
      prism
    lowload (0.6.2)
      lowkey
    nokogiri (1.19.4-aarch64-linux-gnu)
      racc (~> 1.4)
    nokogiri (1.19.4-aarch64-linux-musl)
      racc (~> 1.4)
    nokogiri (1.19.4-arm-linux-gnu)
      racc (~> 1.4)
    nokogiri (1.19.4-arm64-darwin)
      racc (~> 1.4)
    nokogiri (1.19.4-x86_64-darwin)
      racc (~> 1.4)
    nokogiri (1.19.4-x86_64-linux-gnu)
      racc (~> 1.4)
    nokogiri (1.19.4-x86_64-linux-musl)
      racc (~> 1.4)
    openssl (4.0.2)
    ostruct (0.6.3)
    paint (2.3.0)
    plugs (0.4.0)
    prism (1.9.0)
    protocol-hpack (1.5.1)
    protocol-http (0.71.0)
    protocol-http1 (0.41.0)
      protocol-http (~> 0.68)
    protocol-http2 (0.27.0)
      protocol-hpack (~> 1.4)
      protocol-http (~> 0.62)
    protocol-rack (0.22.1)
      io-stream (>= 0.10)
      protocol-http (~> 0.58)
      rack (>= 1.0)
    protocol-url (0.18.0)
    providers (0.6.1)
      expressions (~> 0.1)
    racc (1.8.1)
    rack (3.2.7)
    rage-iodine (5.5.0)
    rouge (5.1.0)
      strscan (~> 3.1)
    ruby-progressbar (1.13.0)
    samovar (2.5.1)
      console (~> 1.0)
    stackprof (0.2.28)
    string-format (0.2.0)
    strscan (3.1.8)
    trees (0.3.1)
      low_type

PLATFORMS
  aarch64-linux
  aarch64-linux-gnu
  aarch64-linux-musl
  arm-linux-gnu
  arm64-darwin
  x86_64-darwin
  x86_64-linux
  x86_64-linux-gnu
  x86_64-linux-musl

DEPENDENCIES
  falcon
  low_event!
  low_loop!
  low_type!
  observers!
  rack
  rage-iodine
  raindeer!
  stackprof

CHECKSUMS
  antlers (0.9.0) sha256=e21e7b897b54ac9dc85f30d1ac47f019e9c8447d9c12899b74ae88fa4bc1b0cd
  async (2.45.1) sha256=95849f7432eca535146c69f3078dab3c7228d0075ed71f48733f3e585dd7c267
  async-container (0.38.0) sha256=71479d8551870d684e602f463d7b8368909c835a64e38b555e1821512ffffc88
  async-http (0.102.0) sha256=8d3a206ff10af0620a6de7cc0bab76a2e7a32dc71fd420d590c254863777c741
  async-http-cache (0.4.6) sha256=2038d1f093182f16b50b4db271c25085e3938da10bfcfc2904cadb0530fddfd6
  async-pool (0.12.0) sha256=5580493dc024bd704dab2ed0bf1307100722e49cbb825c7965f8501194f58506
  async-service (0.25.0) sha256=71d9d75c2898dddf6549150cecd57156453e5b61da69fa87f10a0c97becfb6d1
  async-utilization (0.5.0) sha256=96c347634e09edcbcb7f70cf8c5a1ae058c64d88186341e3f924a44440f95981
  bake (0.25.0) sha256=a47bdc6a26addc048827debc36fe27bb4d5d71ac2958ad910b5386e9baf49869
  bigdecimal (4.1.2) sha256=53d217666027eab4280346fba98e7d5b66baaae1b9c3c1c0ffe89d48188a3fbd
  bundler (4.0.12) sha256=7f8b757d28dfb636e7b24fba2344ac6dd13b5b24f4b46d62573d483f211825ac
  commonmarker (2.10.0-aarch64-linux) sha256=eeb167dea203dee066eb0dd99b3fd2deb526c8b5e7297ad385f7a5d60f869478
  commonmarker (2.10.0-aarch64-linux-musl) sha256=e95d9e87ea6306e21ffa11855a7bb55518538143b23a227fe3bb00b41873ce25
  commonmarker (2.10.0-arm-linux-gnu) sha256=2165642969df6816625c5fa4470a8959345d715daf96dd063fc56913fdbb1b90
  commonmarker (2.10.0-arm64-darwin) sha256=39ecc891d1e4308b5233cc28b40383de854a2bfbefe17d68e49174347a8aa79e
  commonmarker (2.10.0-x86_64-darwin) sha256=01e0830ed0319825ecdc16411c90acd3f661d1568dfc178731b3f64d0ce2363d
  commonmarker (2.10.0-x86_64-linux) sha256=945c510c0bfca9022245928e2248468fe3ddad58c939be0c37b20082cc392880
  commonmarker (2.10.0-x86_64-linux-musl) sha256=288cd4fb9f17eed2ffa73551ef241dcf594e0f484b2aee2a0999540333c0618e
  console (1.37.0) sha256=8093b286c2595a063849c098594fee5155ecc7967d36f3aa8cbe7569c8f3efd7
  erb (6.0.7) sha256=c5ca6dc25b0ef974a44dc8f59fe847577122483b1968a38dec305c60bf91ee92
  expressions (0.1.0) sha256=9fc860c824d4a62ba230fb6dc2676223641f3992a6ae66901bd95c7f37d42a31
  falcon (0.57.0) sha256=c9b060bc23a3b90a80376078aae037d8f48e0b2f12f5f30f360d4b29d7baf0f7
  fiber-annotation (0.2.0) sha256=7abfadf1d119f508867d4103bf231c0354d019cc39a5738945dec2edadaf6c03
  fiber-local (1.1.0) sha256=c885f94f210fb9b05737de65d511136ea602e00c5105953748aa0f8793489f06
  fiber-storage (1.0.1) sha256=f48e5b6d8b0be96dac486332b55cee82240057065dc761c1ea692b2e719240e1
  io-endpoint (0.18.0) sha256=720d186bcd584e8ba490bfc91dab332cc3c5ffee848b5b03894555cb275151aa
  io-event (1.21.1) sha256=b3088f89ad67edf9be9fc2f48a5fae0790e92862487551eeb337b49098eb99e6
  io-stream (0.14.0) sha256=07d9b13ea2066ccbbc761fff8d69ad5a31e47561d31e02cc271f3ed9c1a8f1cd
  json (2.21.2) sha256=1f1d3b7cf2b3ba1a69beca0bb6db13d5438b80bff3cd54cdaaa620b9b07c1c6a
  localhost (1.8.0) sha256=df7ea825b4f64949c588c17efac86bc47ddc4460d723778abe933b71759b2701
  low_event (0.7.1)
  low_loop (0.7.2)
  low_node (0.5.0) sha256=5b7fb6c889b796c8453a7e55abb125ab215f33f592a83b14c63ec67682d8f534
  low_state (0.2.0) sha256=549c626e389bd6bb3d2244cbde08ed0ac287cc76559617ae7e869d36e860ad7a
  low_type (1.3.2)
  lowkey (0.4.3) sha256=6607fa28cde96fc2322ff8c9893724f16bb71a78eb475b7883e5615c41c52c0d
  lowload (0.6.2) sha256=0db3f4b0d34745dd0273a38c0491cc7fa6e8b02b32388e1599ff0e19e59d6786
  nokogiri (1.19.4-aarch64-linux-gnu) sha256=1269fb644a6de405057a53dd5c762b1209b43ca7424f839454d3dbc677c31a8f
  nokogiri (1.19.4-aarch64-linux-musl) sha256=35c65b9ce72b3bb03207bdbe7067915019dc18c1b9b59139684bd6690fdd01af
  nokogiri (1.19.4-arm-linux-gnu) sha256=a301313e38bb065d68239e79734bcd6f56fb6efaacebde29e9abf2a4735340ca
  nokogiri (1.19.4-arm64-darwin) sha256=a46db9853286e6597b36ebc6953817d15acf3a299583eb3f89fdc6f91dd63527
  nokogiri (1.19.4-x86_64-darwin) sha256=7fd17057d3e1f00e9954a74b3cd76595d3d4a5ef233b7ed9599047c204f70551
  nokogiri (1.19.4-x86_64-linux-gnu) sha256=379fae440b28915e3f19d752ce2dcf8465ed2b2fbefd2a7ca0dd497bc981a06a
  nokogiri (1.19.4-x86_64-linux-musl) sha256=17dfb7c1fa194ae02fbf7c51a7afc8d278045ab3fdacfd86f91d02d7b274470b
  observers (0.8.0)
  openssl (4.0.2) sha256=1037ad2868ae58df9ad917891c0c0f9815a1172f6846d4bcdd508e4c2ee747c2
  ostruct (0.6.3) sha256=95a2ed4a4bd1d190784e666b47b2d3f078e4a9efda2fccf18f84ddc6538ed912
  paint (2.3.0) sha256=327d623e4038619d5bd99ae5db07973859cd78400c7f0329eea283cef8e83be5
  plugs (0.4.0) sha256=dd85ef01f9367ec575e09ee3db30aa4cf93185384f448768b4acc2dd48a00ba7
  prism (1.9.0) sha256=7b530c6a9f92c24300014919c9dcbc055bf4cdf51ec30aed099b06cd6674ef85
  protocol-hpack (1.5.1) sha256=6feca238b8078da1cd295677d6f306c6001af92d75fe0643d33e6956cbc3ad91
  protocol-http (0.71.0) sha256=38577bf3df0bf0c3f7ee7e21b43fcb4bd7624e36f697dbe9c3eea344f14bd9ba
  protocol-http1 (0.41.0) sha256=9863874a1228948a896c3e7ea16d13a680c8f3ed50706007c78b7033018b0ea3
  protocol-http2 (0.27.0) sha256=54e651964388d5f990cca161b280abc4480a22845be8de1d55f25033a51e3bff
  protocol-rack (0.22.1) sha256=1185d245927ef9849a603700d6991ca353bc89724fbf98efa4a4333ed62a9fc3
  protocol-url (0.18.0) sha256=b16f55983094b46d18e04b709333b260e4ab5962a32696728e33a6c396150ed6
  providers (0.6.1) sha256=2ec763368361a5c7bfd141ca6cda206419d5ec66ab9cdd647439cf4f12e88f4e
  racc (1.8.1) sha256=4a7f6929691dbec8b5209a0b373bc2614882b55fc5d2e447a21aaa691303d62f
  rack (3.2.7) sha256=93e13e1c24f93556671d85d2d79fa228c3485815c50d7e2f265b5330c6528fb7
  rage-iodine (5.5.0) sha256=e7937c62b8603a26ae2c5c1633209eac6a0a56bb394ead046953cad7938b5200
  raindeer (0.9.8)
  rouge (5.1.0) sha256=b77c632842ab7f5147940212f0345808cccfbce864fd5b631d7d12a35ac85452
  ruby-progressbar (1.13.0) sha256=80fc9c47a9b640d6834e0dc7b3c94c9df37f08cb072b7761e4a71e22cff29b33
  samovar (2.5.1) sha256=8a9fc41eb8868084f0321eb41678c485cfbc7d282fb306c0be67c3284b1d2394
  stackprof (0.2.28) sha256=4ec2ace02f386012b40ca20ef80c030ad711831f59511da12e83b34efb0f9a04
  string-format (0.2.0) sha256=bc981c14116b061f12134549f32fa2d61a17b5a35dd6fd36596c21722a789af6
  strscan (3.1.8) sha256=aae2db611a225559f21ffbb71765c9a4e60fd262534a9ea84f4f11c7f32f679e
  trees (0.3.1) sha256=e942028c7f4a7fa88c87ad1ac9aae584e18d6b2b9716b84a41a6f02e139b6303

BUNDLED WITH
  4.0.12
